// !$*UTF8*$!
{
	archiveVersion = 1;
	classes = {
	};
	objectVersion = 56;
	objects = {

/* Begin PBXBuildFile section */
		8002352A2CA2FB160049E5E9 /* CodeChallengeApp.swift in Sources */ = {isa = PBXBuildFile; fileRef = 800235292CA2FB160049E5E9 /* CodeChallengeApp.swift */; };
		8002352C2CA2FB160049E5E9 /* ContentView.swift in Sources */ = {isa = PBXBuildFile; fileRef = 8002352B2CA2FB160049E5E9 /* ContentView.swift */; };
		8002352E2CA2FB190049E5E9 /* Assets.xcassets in Resources */ = {isa = PBXBuildFile; fileRef = 8002352D2CA2FB190049E5E9 /* Assets.xcassets */; };
		800235312CA2FB190049E5E9 /* Preview Assets.xcassets in Resources */ = {isa = PBXBuildFile; fileRef = 800235302CA2FB190049E5E9 /* Preview Assets.xcassets */; };
		8002353B2CA2FB190049E5E9 /* CodeChallengeTests.swift in Sources */ = {isa = PBXBuildFile; fileRef = 8002353A2CA2FB190049E5E9 /* CodeChallengeTests.swift */; };
		800235452CA2FB190049E5E9 /* CodeChallengeUITests.swift in Sources */ = {isa = PBXBuildFile; fileRef = 800235442CA2FB190049E5E9 /* CodeChallengeUITests.swift */; };
		800235472CA2FB190049E5E9 /* CodeChallengeUITestsLaunchTests.swift in Sources */ = {isa = PBXBuildFile; fileRef = 800235462CA2FB190049E5E9 /* CodeChallengeUITestsLaunchTests.swift */; };
		800235582CA2FB3B0049E5E9 /* FlickrPhoto.swift in Sources */ = {isa = PBXBuildFile; fileRef = 800235532CA2FB3B0049E5E9 /* FlickrPhoto.swift */; };
		800235592CA2FB3B0049E5E9 /* FlickrPhotoDetailView.swift in Sources */ = {isa = PBXBuildFile; fileRef = 800235542CA2FB3B0049E5E9 /* FlickrPhotoDetailView.swift */; };
		8002355B2CA2FB3B0049E5E9 /* FlickrSearchView.swift in Sources */ = {isa = PBXBuildFile; fileRef = 800235562CA2FB3B0049E5E9 /* FlickrSearchView.swift */; };
		8002355C2CA2FB3B0049E5E9 /* FlickrViewModel.swift in Sources */ = {isa = PBXBuildFile; fileRef = 800235572CA2FB3B0049E5E9 /* FlickrViewModel.swift */; };
/* End PBXBuildFile section */

/* Begin PBXContainerItemProxy section */
		800235372CA2FB190049E5E9 /* PBXContainerItemProxy */ = {
			isa = PBXContainerItemProxy;
			containerPortal = 8002351E2CA2FB160049E5E9 /* Project object */;
			proxyType = 1;
			remoteGlobalIDString = 800235252CA2FB160049E5E9;
			remoteInfo = CodeChallenge;
		};
		800235412CA2FB190049E5E9 /* PBXContainerItemProxy */ = {
			isa = PBXContainerItemProxy;
			containerPortal = 8002351E2CA2FB160049E5E9 /* Project object */;
			proxyType = 1;
			remoteGlobalIDString = 800235252CA2FB160049E5E9;
			remoteInfo = CodeChallenge;
		};
/* End PBXContainerItemProxy section */

/* Begin PBXFileReference section */
		800235262CA2FB160049E5E9 /* CodeChallenge.app */ = {isa = PBXFileReference; explicitFileType = wrapper.application; includeInIndex = 0; path = CodeChallenge.app; sourceTree = BUILT_PRODUCTS_DIR; };
		800235292CA2FB160049E5E9 /* CodeChallengeApp.swift */ = {isa = PBXFileReference; lastKnownFileType = sourcecode.swift; path = CodeChallengeApp.swift; sourceTree = "<group>"; };
		8002352B2CA2FB160049E5E9 /* ContentView.swift */ = {isa = PBXFileReference; lastKnownFileType = sourcecode.swift; path = ContentView.swift; sourceTree = "<group>"; };
		8002352D2CA2FB190049E5E9 /* Assets.xcassets */ = {isa = PBXFileReference; lastKnownFileType = folder.assetcatalog; path = Assets.xcassets; sourceTree = "<group>"; };
		800235302CA2FB190049E5E9 /* Preview Assets.xcassets */ = {isa = PBXFileReference; lastKnownFileType = folder.assetcatalog; path = "Preview Assets.xcassets"; sourceTree = "<group>"; };
		800235362CA2FB190049E5E9 /* CodeChallengeTests.xctest */ = {isa = PBXFileReference; explicitFileType = wrapper.cfbundle; includeInIndex = 0; path = CodeChallengeTests.xctest; sourceTree = BUILT_PRODUCTS_DIR; };
		8002353A2CA2FB190049E5E9 /* CodeChallengeTests.swift */ = {isa = PBXFileReference; lastKnownFileType = sourcecode.swift; path = CodeChallengeTests.swift; sourceTree = "<group>"; };
		800235402CA2FB190049E5E9 /* CodeChallengeUITests.xctest */ = {isa = PBXFileReference; explicitFileType = wrapper.cfbundle; includeInIndex = 0; path = CodeChallengeUITests.xctest; sourceTree = BUILT_PRODUCTS_DIR; };
		800235442CA2FB190049E5E9 /* CodeChallengeUITests.swift */ = {isa = PBXFileReference; lastKnownFileType = sourcecode.swift; path = CodeChallengeUITests.swift; sourceTree = "<group>"; };
		800235462CA2FB190049E5E9 /* CodeChallengeUITestsLaunchTests.swift */ = {isa = PBXFileReference; lastKnownFileType = sourcecode.swift; path = CodeChallengeUITestsLaunchTests.swift; sourceTree = "<group>"; };
		800235532CA2FB3B0049E5E9 /* FlickrPhoto.swift */ = {isa = PBXFileReference; fileEncoding = 4; lastKnownFileType = sourcecode.swift; path = FlickrPhoto.swift; sourceTree = "<group>"; };
		800235542CA2FB3B0049E5E9 /* FlickrPhotoDetailView.swift */ = {isa = PBXFileReference; fileEncoding = 4; lastKnownFileType = sourcecode.swift; path = FlickrPhotoDetailView.swift; sourceTree = "<group>"; };
		800235562CA2FB3B0049E5E9 /* FlickrSearchView.swift */ = {isa = PBXFileReference; fileEncoding = 4; lastKnownFileType = sourcecode.swift; path = FlickrSearchView.swift; sourceTree = "<group>"; };
		800235572CA2FB3B0049E5E9 /* FlickrViewModel.swift */ = {isa = PBXFileReference; fileEncoding = 4; lastKnownFileType = sourcecode.swift; path = FlickrViewModel.swift; sourceTree = "<group>"; };
/* End PBXFileReference section */

/* Begin PBXFrameworksBuildPhase section */
		800235232CA2FB160049E5E9 /* Frameworks */ = {
			isa = PBXFrameworksBuildPhase;
			buildActionMask = 2147483647;
			files = (
			);
			runOnlyForDeploymentPostprocessing = 0;
		};
		800235332CA2FB190049E5E9 /* Frameworks */ = {
			isa = PBXFrameworksBuildPhase;
			buildActionMask = 2147483647;
			files = (
			);
			runOnlyForDeploymentPostprocessing = 0;
		};
		8002353D2CA2FB190049E5E9 /* Frameworks */ = {
			isa = PBXFrameworksBuildPhase;
			buildActionMask = 2147483647;
			files = (
			);
			runOnlyForDeploymentPostprocessing = 0;
		};
/* End PBXFrameworksBuildPhase section */

/* Begin PBXGroup section */
		8002351D2CA2FB160049E5E9 = {
			isa = PBXGroup;
			children = (
				800235282CA2FB160049E5E9 /* CodeChallenge */,
				800235392CA2FB190049E5E9 /* CodeChallengeTests */,
				800235432CA2FB190049E5E9 /* CodeChallengeUITests */,
				800235272CA2FB160049E5E9 /* Products */,
			);
			sourceTree = "<group>";
		};
		800235272CA2FB160049E5E9 /* Products */ = {
			isa = PBXGroup;
			children = (
				800235262CA2FB160049E5E9 /* CodeChallenge.app */,
				800235362CA2FB190049E5E9 /* CodeChallengeTests.xctest */,
				800235402CA2FB190049E5E9 /* CodeChallengeUITests.xctest */,
			);
			name = Products;
			sourceTree = "<group>";
		};
		800235282CA2FB160049E5E9 /* CodeChallenge */ = {
			isa = PBXGroup;
			children = (
				800235532CA2FB3B0049E5E9 /* FlickrPhoto.swift */,
				800235542CA2FB3B0049E5E9 /* FlickrPhotoDetailView.swift */,
				800235562CA2FB3B0049E5E9 /* FlickrSearchView.swift */,
				800235572CA2FB3B0049E5E9 /* FlickrViewModel.swift */,
				800235292CA2FB160049E5E9 /* CodeChallengeApp.swift */,
				8002352B2CA2FB160049E5E9 /* ContentView.swift */,
				8002352D2CA2FB190049E5E9 /* Assets.xcassets */,
				8002352F2CA2FB190049E5E9 /* Preview Content */,
			);
			path = CodeChallenge;
			sourceTree = "<group>";
		};
		8002352F2CA2FB190049E5E9 /* Preview Content */ = {
			isa = PBXGroup;
			children = (
				800235302CA2FB190049E5E9 /* Preview Assets.xcassets */,
			);
			path = "Preview Content";
			sourceTree = "<group>";
		};
		800235392CA2FB190049E5E9 /* CodeChallengeTests */ = {
			isa = PBXGroup;
			children = (
				8002353A2CA2FB190049E5E9 /* CodeChallengeTests.swift */,
			);
			path = CodeChallengeTests;
			sourceTree = "<group>";
		};
		800235432CA2FB190049E5E9 /* CodeChallengeUITests */ = {
			isa = PBXGroup;
			children = (
				800235442CA2FB190049E5E9 /* CodeChallengeUITests.swift */,
				800235462CA2FB190049E5E9 /* CodeChallengeUITestsLaunchTests.swift */,
			);
			path = CodeChallengeUITests;
			sourceTree = "<group>";
		};
/* End PBXGroup section */

/* Begin PBXNativeTarget section */
		800235252CA2FB160049E5E9 /* CodeChallenge */ = {
			isa = PBXNativeTarget;
			buildConfigurationList = 8002354A2CA2FB190049E5E9 /* Build configuration list for PBXNativeTarget "CodeChallenge" */;
			buildPhases = (
				800235222CA2FB160049E5E9 /* Sources */,
				800235232CA2FB160049E5E9 /* Frameworks */,
				800235242CA2FB160049E5E9 /* Resources */,
			);
			buildRules = (
			);
			dependencies = (
			);
			name = CodeChallenge;
			productName = CodeChallenge;
			productReference = 800235262CA2FB160049E5E9 /* CodeChallenge.app */;
			productType = "com.apple.product-type.application";
		};
		800235352CA2FB190049E5E9 /* CodeChallengeTests */ = {
			isa = PBXNativeTarget;
			buildConfigurationList = 8002354D2CA2FB190049E5E9 /* Build configuration list for PBXNativeTarget "CodeChallengeTests" */;
			buildPhases = (
				800235322CA2FB190049E5E9 /* Sources */,
				800235332CA2FB190049E5E9 /* Frameworks */,
				800235342CA2FB190049E5E9 /* Resources */,
			);
			buildRules = (
			);
			dependencies = (
				800235382CA2FB190049E5E9 /* PBXTargetDependency */,
			);
			name = CodeChallengeTests;
			productName = CodeChallengeTests;
			productReference = 800235362CA2FB190049E5E9 /* CodeChallengeTests.xctest */;
			productType = "com.apple.product-type.bundle.unit-test";
		};
		8002353F2CA2FB190049E5E9 /* CodeChallengeUITests */ = {
			isa = PBXNativeTarget;
			buildConfigurationList = 800235502CA2FB190049E5E9 /* Build configuration list for PBXNativeTarget "CodeChallengeUITests" */;
			buildPhases = (
				8002353C2CA2FB190049E5E9 /* Sources */,
				8002353D2CA2FB190049E5E9 /* Frameworks */,
				8002353E2CA2FB190049E5E9 /* Resources */,
			);
			buildRules = (
			);
			dependencies = (
				800235422CA2FB190049E5E9 /* PBXTargetDependency */,
			);
			name = CodeChallengeUITests;
			productName = CodeChallengeUITests;
			productReference = 800235402CA2FB190049E5E9 /* CodeChallengeUITests.xctest */;
			productType = "com.apple.product-type.bundle.ui-testing";
		};
/* End PBXNativeTarget section */

/* Begin PBXProject section */
		8002351E2CA2FB160049E5E9 /* Project object */ = {
			isa = PBXProject;
			attributes = {
				BuildIndependentTargetsInParallel = 1;
				LastSwiftUpdateCheck = 1540;
				LastUpgradeCheck = 1540;
				TargetAttributes = {
					800235252CA2FB160049E5E9 = {
						CreatedOnToolsVersion = 15.4;
					};
					800235352CA2FB190049E5E9 = {
						CreatedOnToolsVersion = 15.4;
						TestTargetID = 800235252CA2FB160049E5E9;
					};
					8002353F2CA2FB190049E5E9 = {
						CreatedOnToolsVersion = 15.4;
						TestTargetID = 800235252CA2FB160049E5E9;
					};
				};
			};
			buildConfigurationList = 800235212CA2FB160049E5E9 /* Build configuration list for PBXProject "CodeChallenge" */;
			compatibilityVersion = "Xcode 14.0";
			developmentRegion = en;
			hasScannedForEncodings = 0;
			knownRegions = (
				en,
				Base,
			);
			mainGroup = 8002351D2CA2FB160049E5E9;
			productRefGroup = 800235272CA2FB160049E5E9 /* Products */;
			projectDirPath = "";
			projectRoot = "";
			targets = (
				800235252CA2FB160049E5E9 /* CodeChallenge */,
				800235352CA2FB190049E5E9 /* CodeChallengeTests */,
				8002353F2CA2FB190049E5E9 /* CodeChallengeUITests */,
			);
		};
/* End PBXProject section */

/* Begin PBXResourcesBuildPhase section */
		800235242CA2FB160049E5E9 /* Resources */ = {
			isa = PBXResourcesBuildPhase;
			buildActionMask = 2147483647;
			files = (
				800235312CA2FB190049E5E9 /* Preview Assets.xcassets in Resources */,
				8002352E2CA2FB190049E5E9 /* Assets.xcassets in Resources */,
			);
			runOnlyForDeploymentPostprocessing = 0;
		};
		800235342CA2FB190049E5E9 /* Resources */ = {
			isa = PBXResourcesBuildPhase;
			buildActionMask = 2147483647;
			files = (
			);
			runOnlyForDeploymentPostprocessing = 0;
		};
		8002353E2CA2FB190049E5E9 /* Resources */ = {
			isa = PBXResourcesBuildPhase;
			buildActionMask = 2147483647;
			files = (
			);
			runOnlyForDeploymentPostprocessing = 0;
		};
/* End PBXResourcesBuildPhase section */

/* Begin PBXSourcesBuildPhase section */
		800235222CA2FB160049E5E9 /* Sources */ = {
			isa = PBXSourcesBuildPhase;
			buildActionMask = 2147483647;
			files = (
				8002352C2CA2FB160049E5E9 /* ContentView.swift in Sources */,
				8002355B2CA2FB3B0049E5E9 /* FlickrSearchView.swift in Sources */,
				800235592CA2FB3B0049E5E9 /* FlickrPhotoDetailView.swift in Sources */,
				8002355C2CA2FB3B0049E5E9 /* FlickrViewModel.swift in Sources */,
				800235582CA2FB3B0049E5E9 /* FlickrPhoto.swift in Sources */,
				8002352A2CA2FB160049E5E9 /* CodeChallengeApp.swift in Sources */,
			);
			runOnlyForDeploymentPostprocessing = 0;
		};
		800235322CA2FB190049E5E9 /* Sources */ = {
			isa = PBXSourcesBuildPhase;
			buildActionMask = 2147483647;
			files = (
				8002353B2CA2FB190049E5E9 /* CodeChallengeTests.swift in Sources */,
			);
			runOnlyForDeploymentPostprocessing = 0;
		};
		8002353C2CA2FB190049E5E9 /* Sources */ = {
			isa = PBXSourcesBuildPhase;
			buildActionMask = 2147483647;
			files = (
				800235452CA2FB190049E5E9 /* CodeChallengeUITests.swift in Sources */,
				800235472CA2FB190049E5E9 /* CodeChallengeUITestsLaunchTests.swift in Sources */,
			);
			runOnlyForDeploymentPostprocessing = 0;
		};
/* End PBXSourcesBuildPhase section */

/* Begin PBXTargetDependency section */
		800235382CA2FB190049E5E9 /* PBXTargetDependency */ = {
			isa = PBXTargetDependency;
			target = 800235252CA2FB160049E5E9 /* CodeChallenge */;
			targetProxy = 800235372CA2FB190049E5E9 /* PBXContainerItemProxy */;
		};
		800235422CA2FB190049E5E9 /* PBXTargetDependency */ = {
			isa = PBXTargetDependency;
			target = 800235252CA2FB160049E5E9 /* CodeChallenge */;
			targetProxy = 800235412CA2FB190049E5E9 /* PBXContainerItemProxy */;
		};
/* End PBXTargetDependency section */

/* Begin XCBuildConfiguration section */
		800235482CA2FB190049E5E9 /* Debug */ = {
			isa = XCBuildConfiguration;
			buildSettings = {
				ALWAYS_SEARCH_USER_PATHS = NO;
				ASSETCATALOG_COMPILER_GENERATE_SWIFT_ASSET_SYMBOL_EXTENSIONS = YES;
				CLANG_ANALYZER_NONNULL = YES;
				CLANG_ANALYZER_NUMBER_OBJECT_CONVERSION = YES_AGGRESSIVE;
				CLANG_CXX_LANGUAGE_STANDARD = "gnu++20";
				CLANG_ENABLE_MODULES = YES;
				CLANG_ENABLE_OBJC_ARC = YES;
				CLANG_ENABLE_OBJC_WEAK = YES;
				CLANG_WARN_BLOCK_CAPTURE_AUTORELEASING = YES;
				CLANG_WARN_BOOL_CONVERSION = YES;
				CLANG_WARN_COMMA = YES;
				CLANG_WARN_CONSTANT_CONVERSION = YES;
				CLANG_WARN_DEPRECATED_OBJC_IMPLEMENTATIONS = YES;
				CLANG_WARN_DIRECT_OBJC_ISA_USAGE = YES_ERROR;
				CLANG_WARN_DOCUMENTATION_COMMENTS = YES;
				CLANG_WARN_EMPTY_BODY = YES;
				CLANG_WARN_ENUM_CONVERSION = YES;
				CLANG_WARN_INFINITE_RECURSION = YES;
				CLANG_WARN_INT_CONVERSION = YES;
				CLANG_WARN_NON_LITERAL_NULL_CONVERSION = YES;
				CLANG_WARN_OBJC_IMPLICIT_RETAIN_SELF = YES;
				CLANG_WARN_OBJC_LITERAL_CONVERSION = YES;
				CLANG_WARN_OBJC_ROOT_CLASS = YES_ERROR;
				CLANG_WARN_QUOTED_INCLUDE_IN_FRAMEWORK_HEADER = YES;
				CLANG_WARN_RANGE_LOOP_ANALYSIS = YES;
				CLANG_WARN_STRICT_PROTOTYPES = YES;
				CLANG_WARN_SUSPICIOUS_MOVE = YES;
				CLANG_WARN_UNGUARDED_AVAILABILITY = YES_AGGRESSIVE;
				CLANG_WARN_UNREACHABLE_CODE = YES;
				CLANG_WARN__DUPLICATE_METHOD_MATCH = YES;
				COPY_PHASE_STRIP = NO;
				DEBUG_INFORMATION_FORMAT = dwarf;
				ENABLE_STRICT_OBJC_MSGSEND = YES;
				ENABLE_TESTABILITY = YES;
				ENABLE_USER_SCRIPT_SANDBOXING = YES;
				GCC_C_LANGUAGE_STANDARD = gnu17;
				GCC_DYNAMIC_NO_PIC = NO;
				GCC_NO_COMMON_BLOCKS = YES;
				GCC_OPTIMIZATION_LEVEL = 0;
				GCC_PREPROCESSOR_DEFINITIONS = (
					"DEBUG=1",
					"$(inherited)",
				);
				GCC_WARN_64_TO_32_BIT_CONVERSION = YES;
				GCC_WARN_ABOUT_RETURN_TYPE = YES_ERROR;
				GCC_WARN_UNDECLARED_SELECTOR = YES;
				GCC_WARN_UNINITIALIZED_AUTOS = YES_AGGRESSIVE;
				GCC_WARN_UNUSED_FUNCTION = YES;
				GCC_WARN_UNUSED_VARIABLE = YES;
				IPHONEOS_DEPLOYMENT_TARGET = 17.5;
				LOCALIZATION_PREFERS_STRING_CATALOGS = YES;
				MTL_ENABLE_DEBUG_INFO = INCLUDE_SOURCE;
				MTL_FAST_MATH = YES;
				ONLY_ACTIVE_ARCH = YES;
				SDKROOT = iphoneos;
				SWIFT_ACTIVE_COMPILATION_CONDITIONS = "DEBUG $(inherited)";
				SWIFT_OPTIMIZATION_LEVEL = "-Onone";
			};
			name = Debug;
		};
		800235492CA2FB190049E5E9 /* Release */ = {
			isa = XCBuildConfiguration;
			buildSettings = {
				ALWAYS_SEARCH_USER_PATHS = NO;
				ASSETCATALOG_COMPILER_GENERATE_SWIFT_ASSET_SYMBOL_EXTENSIONS = YES;
				CLANG_ANALYZER_NONNULL = YES;
				CLANG_ANALYZER_NUMBER_OBJECT_CONVERSION = YES_AGGRESSIVE;
				CLANG_CXX_LANGUAGE_STANDARD = "gnu++20";
				CLANG_ENABLE_MODULES = YES;
				CLANG_ENABLE_OBJC_ARC = YES;
				CLANG_ENABLE_OBJC_WEAK = YES;
				CLANG_WARN_BLOCK_CAPTURE_AUTORELEASING = YES;
				CLANG_WARN_BOOL_CONVERSION = YES;
				CLANG_WARN_COMMA = YES;
				CLANG_WARN_CONSTANT_CONVERSION = YES;
				CLANG_WARN_DEPRECATED_OBJC_IMPLEMENTATIONS = YES;
				CLANG_WARN_DIRECT_OBJC_ISA_USAGE = YES_ERROR;
				CLANG_WARN_DOCUMENTATION_COMMENTS = YES;
				CLANG_WARN_EMPTY_BODY = YES;
				CLANG_WARN_ENUM_CONVERSION = YES;
				CLANG_WARN_INFINITE_RECURSION = YES;
				CLANG_WARN_INT_CONVERSION = YES;
				CLANG_WARN_NON_LITERAL_NULL_CONVERSION = YES;
				CLANG_WARN_OBJC_IMPLICIT_RETAIN_SELF = YES;
				CLANG_WARN_OBJC_LITERAL_CONVERSION = YES;
				CLANG_WARN_OBJC_ROOT_CLASS = YES_ERROR;
				CLANG_WARN_QUOTED_INCLUDE_IN_FRAMEWORK_HEADER = YES;
				CLANG_WARN_RANGE_LOOP_ANALYSIS = YES;
				CLANG_WARN_STRICT_PROTOTYPES = YES;
				CLANG_WARN_SUSPICIOUS_MOVE = YES;
				CLANG_WARN_UNGUARDED_AVAILABILITY = YES_AGGRESSIVE;
				CLANG_WARN_UNREACHABLE_CODE = YES;
				CLANG_WARN__DUPLICATE_METHOD_MATCH = YES;
				COPY_PHASE_STRIP = NO;
				DEBUG_INFORMATION_FORMAT = "dwarf-with-dsym";
				ENABLE_NS_ASSERTIONS = NO;
				ENABLE_STRICT_OBJC_MSGSEND = YES;
				ENABLE_USER_SCRIPT_SANDBOXING = YES;
				GCC_C_LANGUAGE_STANDARD = gnu17;
				GCC_NO_COMMON_BLOCKS = YES;
				GCC_WARN_64_TO_32_BIT_CONVERSION = YES;
				GCC_WARN_ABOUT_RETURN_TYPE = YES_ERROR;
				GCC_WARN_UNDECLARED_SELECTOR = YES;
				GCC_WARN_UNINITIALIZED_AUTOS = YES_AGGRESSIVE;
				GCC_WARN_UNUSED_FUNCTION = YES;
				GCC_WARN_UNUSED_VARIABLE = YES;
				IPHONEOS_DEPLOYMENT_TARGET = 17.5;
				LOCALIZATION_PREFERS_STRING_CATALOGS = YES;
				MTL_ENABLE_DEBUG_INFO = NO;
				MTL_FAST_MATH = YES;
				SDKROOT = iphoneos;
				SWIFT_COMPILATION_MODE = wholemodule;
				VALIDATE_PRODUCT = YES;
			};
			name = Release;
		};
		8002354B2CA2FB190049E5E9 /* Debug */ = {
			isa = XCBuildConfiguration;
			buildSettings = {
				ASSETCATALOG_COMPILER_APPICON_NAME = AppIcon;
				ASSETCATALOG_COMPILER_GLOBAL_ACCENT_COLOR_NAME = AccentColor;
				CODE_SIGN_STYLE = Automatic;
				CURRENT_PROJECT_VERSION = 1;
				DEVELOPMENT_ASSET_PATHS = "\"CodeChallenge/Preview Content\"";
				ENABLE_PREVIEWS = YES;
				GENERATE_INFOPLIST_FILE = YES;
				INFOPLIST_KEY_UIApplicationSceneManifest_Generation = YES;
				INFOPLIST_KEY_UIApplicationSupportsIndirectInputEvents = YES;
				INFOPLIST_KEY_UILaunchScreen_Generation = YES;
				INFOPLIST_KEY_UISupportedInterfaceOrientations_iPad = "UIInterfaceOrientationPortrait UIInterfaceOrientationPortraitUpsideDown UIInterfaceOrientationLandscapeLeft UIInterfaceOrientationLandscapeRight";
				INFOPLIST_KEY_UISupportedInterfaceOrientations_iPhone = "UIInterfaceOrientationPortrait UIInterfaceOrientationLandscapeLeft UIInterfaceOrientationLandscapeRight";
				LD_RUNPATH_SEARCH_PATHS = (
					"$(inherited)",
					"@executable_path/Frameworks",
				);
				MARKETING_VERSION = 1.0;
				PRODUCT_BUNDLE_IDENTIFIER = com.ios.CodeChallenge;
				PRODUCT_NAME = "$(TARGET_NAME)";
				SWIFT_EMIT_LOC_STRINGS = YES;
				SWIFT_VERSION = 5.0;
				TARGETED_DEVICE_FAMILY = "1,2";
			};
			name = Debug;
		};
		8002354C2CA2FB190049E5E9 /* Release */ = {
			isa = XCBuildConfiguration;
			buildSettings = {
				ASSETCATALOG_COMPILER_APPICON_NAME = AppIcon;
				ASSETCATALOG_COMPILER_GLOBAL_ACCENT_COLOR_NAME = AccentColor;
				CODE_SIGN_STYLE = Automatic;
				CURRENT_PROJECT_VERSION = 1;
				DEVELOPMENT_ASSET_PATHS = "\"CodeChallenge/Preview Content\"";
				ENABLE_PREVIEWS = YES;
				GENERATE_INFOPLIST_FILE = YES;
				INFOPLIST_KEY_UIApplicationSceneManifest_Generation = YES;
				INFOPLIST_KEY_UIApplicationSupportsIndirectInputEvents = YES;
				INFOPLIST_KEY_UILaunchScreen_Generation = YES;
				INFOPLIST_KEY_UISupportedInterfaceOrientations_iPad = "UIInterfaceOrientationPortrait UIInterfaceOrientationPortraitUpsideDown UIInterfaceOrientationLandscapeLeft UIInterfaceOrientationLandscapeRight";
				INFOPLIST_KEY_UISupportedInterfaceOrientations_iPhone = "UIInterfaceOrientationPortrait UIInterfaceOrientationLandscapeLeft UIInterfaceOrientationLandscapeRight";
				LD_RUNPATH_SEARCH_PATHS = (
					"$(inherited)",
					"@executable_path/Frameworks",
				);
				MARKETING_VERSION = 1.0;
				PRODUCT_BUNDLE_IDENTIFIER = com.ios.CodeChallenge;
				PRODUCT_NAME = "$(TARGET_NAME)";
				SWIFT_EMIT_LOC_STRINGS = YES;
				SWIFT_VERSION = 5.0;
				TARGETED_DEVICE_FAMILY = "1,2";
			};
			name = Release;
		};
		8002354E2CA2FB190049E5E9 /* Debug */ = {
			isa = XCBuildConfiguration;
			buildSettings = {
				ALWAYS_EMBED_SWIFT_STANDARD_LIBRARIES = YES;
				BUNDLE_LOADER = "$(TEST_HOST)";
				CODE_SIGN_STYLE = Automatic;
				CURRENT_PROJECT_VERSION = 1;
				GENERATE_INFOPLIST_FILE = YES;
				IPHONEOS_DEPLOYMENT_TARGET = 17.5;
				MARKETING_VERSION = 1.0;
				PRODUCT_BUNDLE_IDENTIFIER = com.ios.CodeChallengeTests;
				PRODUCT_NAME = "$(TARGET_NAME)";
				SWIFT_EMIT_LOC_STRINGS = NO;
				SWIFT_VERSION = 5.0;
				TARGETED_DEVICE_FAMILY = "1,2";
				TEST_HOST = "$(BUILT_PRODUCTS_DIR)/CodeChallenge.app/$(BUNDLE_EXECUTABLE_FOLDER_PATH)/CodeChallenge";
			};
			name = Debug;
		};
		8002354F2CA2FB190049E5E9 /* Release */ = {
			isa = XCBuildConfiguration;
			buildSettings = {
				ALWAYS_EMBED_SWIFT_STANDARD_LIBRARIES = YES;
				BUNDLE_LOADER = "$(TEST_HOST)";
				CODE_SIGN_STYLE = Automatic;
				CURRENT_PROJECT_VERSION = 1;
				GENERATE_INFOPLIST_FILE = YES;
				IPHONEOS_DEPLOYMENT_TARGET = 17.5;
				MARKETING_VERSION = 1.0;
				PRODUCT_BUNDLE_IDENTIFIER = com.ios.CodeChallengeTests;
				PRODUCT_NAME = "$(TARGET_NAME)";
				SWIFT_EMIT_LOC_STRINGS = NO;
				SWIFT_VERSION = 5.0;
				TARGETED_DEVICE_FAMILY = "1,2";
				TEST_HOST = "$(BUILT_PRODUCTS_DIR)/CodeChallenge.app/$(BUNDLE_EXECUTABLE_FOLDER_PATH)/CodeChallenge";
			};
			name = Release;
		};
		800235512CA2FB190049E5E9 /* Debug */ = {
			isa = XCBuildConfiguration;
			buildSettings = {
				ALWAYS_EMBED_SWIFT_STANDARD_LIBRARIES = YES;
				CODE_SIGN_STYLE = Automatic;
				CURRENT_PROJECT_VERSION = 1;
				GENERATE_INFOPLIST_FILE = YES;
				MARKETING_VERSION = 1.0;
				PRODUCT_BUNDLE_IDENTIFIER = com.ios.CodeChallengeUITests;
				PRODUCT_NAME = "$(TARGET_NAME)";
				SWIFT_EMIT_LOC_STRINGS = NO;
				SWIFT_VERSION = 5.0;
				TARGETED_DEVICE_FAMILY = "1,2";
				TEST_TARGET_NAME = CodeChallenge;
			};
			name = Debug;
		};
		800235522CA2FB190049E5E9 /* Release */ = {
			isa = XCBuildConfiguration;
			buildSettings = {
				ALWAYS_EMBED_SWIFT_STANDARD_LIBRARIES = YES;
				CODE_SIGN_STYLE = Automatic;
				CURRENT_PROJECT_VERSION = 1;
				GENERATE_INFOPLIST_FILE = YES;
				MARKETING_VERSION = 1.0;
				PRODUCT_BUNDLE_IDENTIFIER = com.ios.CodeChallengeUITests;
				PRODUCT_NAME = "$(TARGET_NAME)";
				SWIFT_EMIT_LOC_STRINGS = NO;
				SWIFT_VERSION = 5.0;
				TARGETED_DEVICE_FAMILY = "1,2";
				TEST_TARGET_NAME = CodeChallenge;
			};
			name = Release;
		};
/* End XCBuildConfiguration section */

/* Begin XCConfigurationList section */
		800235212CA2FB160049E5E9 /* Build configuration list for PBXProject "CodeChallenge" */ = {
			isa = XCConfigurationList;
			buildConfigurations = (
				800235482CA2FB190049E5E9 /* Debug */,
				800235492CA2FB190049E5E9 /* Release */,
			);
			defaultConfigurationIsVisible = 0;
			defaultConfigurationName = Release;
		};
		8002354A2CA2FB190049E5E9 /* Build configuration list for PBXNativeTarget "CodeChallenge" */ = {
			isa = XCConfigurationList;
			buildConfigurations = (
				8002354B2CA2FB190049E5E9 /* Debug */,
				8002354C2CA2FB190049E5E9 /* Release */,
			);
			defaultConfigurationIsVisible = 0;
			defaultConfigurationName = Release;
		};
		8002354D2CA2FB190049E5E9 /* Build configuration list for PBXNativeTarget "CodeChallengeTests" */ = {
			isa = XCConfigurationList;
			buildConfigurations = (
				8002354E2CA2FB190049E5E9 /* Debug */,
				8002354F2CA2FB190049E5E9 /* Release */,
			);
			defaultConfigurationIsVisible = 0;
			defaultConfigurationName = Release;
		};
		800235502CA2FB190049E5E9 /* Build configuration list for PBXNativeTarget "CodeChallengeUITests" */ = {
			isa = XCConfigurationList;
			buildConfigurations = (
				800235512CA2FB190049E5E9 /* Debug */,
				800235522CA2FB190049E5E9 /* Release */,
			);
			defaultConfigurationIsVisible = 0;
			defaultConfigurationName = Release;
		};
/* End XCConfigurationList section */
	};
	rootObject = 8002351E2CA2FB160049E5E9 /* Project object */;
}
